
Microsoft Visual Studio Solution File, Format Version 12.00
# Visual Studio Version 17
VisualStudioVersion = 17.7.34031.279
MinimumVisualStudioVersion = 10.0.40219.1
Project("{FAE04EC0-301F-11D3-BF4B-00C04F79EFBC}") = "1. Horas Extras", "1. Horas Extras\1. Horas Extras.csproj", "{FCE6B57F-6EEA-40FF-BE8F-501F8646E08B}"
EndProject
Global
	GlobalSection(SolutionConfigurationPlatforms) = preSolution
		Debug|Any CPU = Debug|Any CPU
		Release|Any CPU = Release|Any CPU
	EndGlobalSection
	GlobalSection(ProjectConfigurationPlatforms) = postSolution
		{FCE6B57F-6EEA-40FF-BE8F-501F8646E08B}.Debug|Any CPU.ActiveCfg = Debug|Any CPU
		{FCE6B57F-6EEA-40FF-BE8F-501F8646E08B}.Debug|Any CPU.Build.0 = Debug|Any CPU
		{FCE6B57F-6EEA-40FF-BE8F-501F8646E08B}.Release|Any CPU.ActiveCfg = Release|Any CPU
		{FCE6B57F-6EEA-40FF-BE8F-501F8646E08B}.Release|Any CPU.Build.0 = Release|Any CPU
	EndGlobalSection
	GlobalSection(SolutionProperties) = preSolution
		HideSolutionNode = FALSE
	EndGlobalSection
	GlobalSection(ExtensibilityGlobals) = postSolution
		SolutionGuid = {122A9F4B-4485-4A0D-B869-4FD1C999CCB1}
	EndGlobalSection
EndGlobal
