
Microsoft Visual Studio Solution File, Format Version 12.00
# Visual Studio Version 17
VisualStudioVersion = 17.7.34031.279
MinimumVisualStudioVersion = 10.0.40219.1
Project("{FAE04EC0-301F-11D3-BF4B-00C04F79EFBC}") = "Ejer_1", "Ejer_1\Ejer_1.csproj", "{22D2EAC9-7DC8-4D53-A5D8-9AD62907820C}"
EndProject
Global
	GlobalSection(SolutionConfigurationPlatforms) = preSolution
		Debug|Any CPU = Debug|Any CPU
		Release|Any CPU = Release|Any CPU
	EndGlobalSection
	GlobalSection(ProjectConfigurationPlatforms) = postSolution
		{22D2EAC9-7DC8-4D53-A5D8-9AD62907820C}.Debug|Any CPU.ActiveCfg = Debug|Any CPU
		{22D2EAC9-7DC8-4D53-A5D8-9AD62907820C}.Debug|Any CPU.Build.0 = Debug|Any CPU
		{22D2EAC9-7DC8-4D53-A5D8-9AD62907820C}.Release|Any CPU.ActiveCfg = Release|Any CPU
		{22D2EAC9-7DC8-4D53-A5D8-9AD62907820C}.Release|Any CPU.Build.0 = Release|Any CPU
	EndGlobalSection
	GlobalSection(SolutionProperties) = preSolution
		HideSolutionNode = FALSE
	EndGlobalSection
	GlobalSection(ExtensibilityGlobals) = postSolution
		SolutionGuid = {46EE5790-6B9F-4CFD-B337-7BD425597C7D}
	EndGlobalSection
EndGlobal
