
Microsoft Visual Studio Solution File, Format Version 12.00
# Visual Studio Version 17
VisualStudioVersion = 17.7.34031.279
MinimumVisualStudioVersion = 10.0.40219.1
Project("{FAE04EC0-301F-11D3-BF4B-00C04F79EFBC}") = "6.- un empleado de 34 años", "6.- un empleado de 34 años\6.- un empleado de 34 años.csproj", "{6E35F8EF-C2A3-4053-A094-55E59E01931F}"
EndProject
Global
	GlobalSection(SolutionConfigurationPlatforms) = preSolution
		Debug|Any CPU = Debug|Any CPU
		Release|Any CPU = Release|Any CPU
	EndGlobalSection
	GlobalSection(ProjectConfigurationPlatforms) = postSolution
		{6E35F8EF-C2A3-4053-A094-55E59E01931F}.Debug|Any CPU.ActiveCfg = Debug|Any CPU
		{6E35F8EF-C2A3-4053-A094-55E59E01931F}.Debug|Any CPU.Build.0 = Debug|Any CPU
		{6E35F8EF-C2A3-4053-A094-55E59E01931F}.Release|Any CPU.ActiveCfg = Release|Any CPU
		{6E35F8EF-C2A3-4053-A094-55E59E01931F}.Release|Any CPU.Build.0 = Release|Any CPU
	EndGlobalSection
	GlobalSection(SolutionProperties) = preSolution
		HideSolutionNode = FALSE
	EndGlobalSection
	GlobalSection(ExtensibilityGlobals) = postSolution
		SolutionGuid = {13201C72-BC97-43C4-8F3B-F04D7BB7F325}
	EndGlobalSection
EndGlobal
