
Microsoft Visual Studio Solution File, Format Version 12.00
# Visual Studio Version 17
VisualStudioVersion = 17.7.34031.279
MinimumVisualStudioVersion = 10.0.40219.1
Project("{FAE04EC0-301F-11D3-BF4B-00C04F79EFBC}") = "examen parte 1", "examen parte 1\examen parte 1.csproj", "{B2768290-60EB-4599-B092-EBA12F586549}"
EndProject
Global
	GlobalSection(SolutionConfigurationPlatforms) = preSolution
		Debug|Any CPU = Debug|Any CPU
		Release|Any CPU = Release|Any CPU
	EndGlobalSection
	GlobalSection(ProjectConfigurationPlatforms) = postSolution
		{B2768290-60EB-4599-B092-EBA12F586549}.Debug|Any CPU.ActiveCfg = Debug|Any CPU
		{B2768290-60EB-4599-B092-EBA12F586549}.Debug|Any CPU.Build.0 = Debug|Any CPU
		{B2768290-60EB-4599-B092-EBA12F586549}.Release|Any CPU.ActiveCfg = Release|Any CPU
		{B2768290-60EB-4599-B092-EBA12F586549}.Release|Any CPU.Build.0 = Release|Any CPU
	EndGlobalSection
	GlobalSection(SolutionProperties) = preSolution
		HideSolutionNode = FALSE
	EndGlobalSection
	GlobalSection(ExtensibilityGlobals) = postSolution
		SolutionGuid = {D9AC59C5-8635-4908-BD14-7648B9A93294}
	EndGlobalSection
EndGlobal
